
Microsoft Visual Studio Solution File, Format Version 12.00
# Visual Studio Version 17
VisualStudioVersion = 17.13.35806.99
MinimumVisualStudioVersion = 10.0.40219.1
Project("{FAE04EC0-301F-11D3-BF4B-00C04F79EFBC}") = "EnglishNow.Web", "EnglishNow.Web\EnglishNow.Web.csproj", "{51F9812D-70B2-489E-BD00-218F1BCEB055}"
EndProject
Project("{2150E333-8FDC-42A3-9474-1A3956D46DE8}") = "DbScripts", "DbScripts", "{02EA681E-C7D8-13C7-8484-4AC65E1B71E8}"
	ProjectSection(SolutionItems) = preProject
		create_database.sql = create_database.sql
		create_database_sqlserver.sql = create_database_sqlserver.sql
	EndProjectSection
EndProject
Project("{FAE04EC0-301F-11D3-BF4B-00C04F79EFBC}") = "EnglishNow.Services", "EnglishNow.Services\EnglishNow.Services.csproj", "{2616842F-290B-4F34-B9F4-7C4E71E00C6F}"
EndProject
Project("{FAE04EC0-301F-11D3-BF4B-00C04F79EFBC}") = "EnglishNow.Repositories", "EnglishNow.Repositories\EnglishNow.Repositories.csproj", "{8C3A1A8F-C7FF-433C-8134-CCB1EB96ACB2}"
EndProject
Project("{FAE04EC0-301F-11D3-BF4B-00C04F79EFBC}") = "EnglishNow.Tests", "EnglishNow.Tests\EnglishNow.Tests.csproj", "{0FDF8F9B-96F3-481B-99DF-D2E45EC19505}"
EndProject
Global
	GlobalSection(SolutionConfigurationPlatforms) = preSolution
		Debug|Any CPU = Debug|Any CPU
		Release|Any CPU = Release|Any CPU
	EndGlobalSection
	GlobalSection(ProjectConfigurationPlatforms) = postSolution
		{51F9812D-70B2-489E-BD00-218F1BCEB055}.Debug|Any CPU.ActiveCfg = Debug|Any CPU
		{51F9812D-70B2-489E-BD00-218F1BCEB055}.Debug|Any CPU.Build.0 = Debug|Any CPU
		{51F9812D-70B2-489E-BD00-218F1BCEB055}.Release|Any CPU.ActiveCfg = Release|Any CPU
		{51F9812D-70B2-489E-BD00-218F1BCEB055}.Release|Any CPU.Build.0 = Release|Any CPU
		{2616842F-290B-4F34-B9F4-7C4E71E00C6F}.Debug|Any CPU.ActiveCfg = Debug|Any CPU
		{2616842F-290B-4F34-B9F4-7C4E71E00C6F}.Debug|Any CPU.Build.0 = Debug|Any CPU
		{2616842F-290B-4F34-B9F4-7C4E71E00C6F}.Release|Any CPU.ActiveCfg = Release|Any CPU
		{2616842F-290B-4F34-B9F4-7C4E71E00C6F}.Release|Any CPU.Build.0 = Release|Any CPU
		{8C3A1A8F-C7FF-433C-8134-CCB1EB96ACB2}.Debug|Any CPU.ActiveCfg = Debug|Any CPU
		{8C3A1A8F-C7FF-433C-8134-CCB1EB96ACB2}.Debug|Any CPU.Build.0 = Debug|Any CPU
		{8C3A1A8F-C7FF-433C-8134-CCB1EB96ACB2}.Release|Any CPU.ActiveCfg = Release|Any CPU
		{8C3A1A8F-C7FF-433C-8134-CCB1EB96ACB2}.Release|Any CPU.Build.0 = Release|Any CPU
		{0FDF8F9B-96F3-481B-99DF-D2E45EC19505}.Debug|Any CPU.ActiveCfg = Debug|Any CPU
		{0FDF8F9B-96F3-481B-99DF-D2E45EC19505}.Debug|Any CPU.Build.0 = Debug|Any CPU
		{0FDF8F9B-96F3-481B-99DF-D2E45EC19505}.Release|Any CPU.ActiveCfg = Release|Any CPU
		{0FDF8F9B-96F3-481B-99DF-D2E45EC19505}.Release|Any CPU.Build.0 = Release|Any CPU
	EndGlobalSection
	GlobalSection(SolutionProperties) = preSolution
		HideSolutionNode = FALSE
	EndGlobalSection
	GlobalSection(ExtensibilityGlobals) = postSolution
		SolutionGuid = {7CA8DA74-2EE1-4E33-B501-28325E1440AE}
	EndGlobalSection
EndGlobal
